
Microsoft Visual Studio Solution File, Format Version 12.00
# Visual Studio Version 16
VisualStudioVersion = 16.0.31313.79
MinimumVisualStudioVersion = 10.0.40219.1
Project("{FAE04EC0-301F-11D3-BF4B-00C04F79EFBC}") = "Counter", "Counter\Counter.csproj", "{7083A6D1-A4FC-4BE7-B0BC-9C32EBA0B66C}"
EndProject
Global
	GlobalSection(SolutionConfigurationPlatforms) = preSolution
		Debug|Any CPU = Debug|Any CPU
		Release|Any CPU = Release|Any CPU
	EndGlobalSection
	GlobalSection(ProjectConfigurationPlatforms) = postSolution
		{7083A6D1-A4FC-4BE7-B0BC-9C32EBA0B66C}.Debug|Any CPU.ActiveCfg = Debug|Any CPU
		{7083A6D1-A4FC-4BE7-B0BC-9C32EBA0B66C}.Debug|Any CPU.Build.0 = Debug|Any CPU
		{7083A6D1-A4FC-4BE7-B0BC-9C32EBA0B66C}.Release|Any CPU.ActiveCfg = Release|Any CPU
		{7083A6D1-A4FC-4BE7-B0BC-9C32EBA0B66C}.Release|Any CPU.Build.0 = Release|Any CPU
	EndGlobalSection
	GlobalSection(SolutionProperties) = preSolution
		HideSolutionNode = FALSE
	EndGlobalSection
	GlobalSection(ExtensibilityGlobals) = postSolution
		SolutionGuid = {BEDCBD83-F8AB-4C68-9AE0-FEE339F294EC}
	EndGlobalSection
EndGlobal
